// !$*UTF8*$!
{
	archiveVersion = 1;
	classes = {
	};
	objectVersion = 50;
	objects = {

/* Begin PBXBuildFile section */
		4DB5908021EF4F0400A638C6 /* AppDelegate.swift in Sources */ = {isa = PBXBuildFile; fileRef = 4DB5907F21EF4F0400A638C6 /* AppDelegate.swift */; };
		4DB5908221EF4F0400A638C6 /* ViewController.swift in Sources */ = {isa = PBXBuildFile; fileRef = 4DB5908121EF4F0400A638C6 /* ViewController.swift */; };
		4DB5908521EF4F0400A638C6 /* Main.storyboard in Resources */ = {isa = PBXBuildFile; fileRef = 4DB5908321EF4F0400A638C6 /* Main.storyboard */; };
		4DB5908821EF4F0400A638C6 /* Swiftme.xcdatamodeld in Sources */ = {isa = PBXBuildFile; fileRef = 4DB5908621EF4F0400A638C6 /* Swiftme.xcdatamodeld */; };
		4DB5908A21EF4F0600A638C6 /* Assets.xcassets in Resources */ = {isa = PBXBuildFile; fileRef = 4DB5908921EF4F0600A638C6 /* Assets.xcassets */; };
		4DB5908D21EF4F0600A638C6 /* LaunchScreen.storyboard in Resources */ = {isa = PBXBuildFile; fileRef = 4DB5908B21EF4F0600A638C6 /* LaunchScreen.storyboard */; };
		4DB5909621EF504C00A638C6 /* NetworkServices.swift in Sources */ = {isa = PBXBuildFile; fileRef = 4DB5909521EF504C00A638C6 /* NetworkServices.swift */; };
		4DB5909821EF50DA00A638C6 /* MoyaVC.swift in Sources */ = {isa = PBXBuildFile; fileRef = 4DB5909721EF50DA00A638C6 /* MoyaVC.swift */; };
		921A4ED078B7A28196920587 /* Pods_Swiftme.framework in Frameworks */ = {isa = PBXBuildFile; fileRef = FC0A25B6965408EF4A5DC869 /* Pods_Swiftme.framework */; };
/* End PBXBuildFile section */

/* Begin PBXFileReference section */
		0473324D61D9A5FFA661B6C5 /* Pods-Swiftme.release.xcconfig */ = {isa = PBXFileReference; includeInIndex = 1; lastKnownFileType = text.xcconfig; name = "Pods-Swiftme.release.xcconfig"; path = "Pods/Target Support Files/Pods-Swiftme/Pods-Swiftme.release.xcconfig"; sourceTree = "<group>"; };
		4DB5907C21EF4F0400A638C6 /* Swiftme.app */ = {isa = PBXFileReference; explicitFileType = wrapper.application; includeInIndex = 0; path = Swiftme.app; sourceTree = BUILT_PRODUCTS_DIR; };
		4DB5907F21EF4F0400A638C6 /* AppDelegate.swift */ = {isa = PBXFileReference; lastKnownFileType = sourcecode.swift; path = AppDelegate.swift; sourceTree = "<group>"; };
		4DB5908121EF4F0400A638C6 /* ViewController.swift */ = {isa = PBXFileReference; lastKnownFileType = sourcecode.swift; path = ViewController.swift; sourceTree = "<group>"; };
		4DB5908421EF4F0400A638C6 /* Base */ = {isa = PBXFileReference; lastKnownFileType = file.storyboard; name = Base; path = Base.lproj/Main.storyboard; sourceTree = "<group>"; };
		4DB5908721EF4F0400A638C6 /* Swiftme.xcdatamodel */ = {isa = PBXFileReference; lastKnownFileType = wrapper.xcdatamodel; path = Swiftme.xcdatamodel; sourceTree = "<group>"; };
		4DB5908921EF4F0600A638C6 /* Assets.xcassets */ = {isa = PBXFileReference; lastKnownFileType = folder.assetcatalog; path = Assets.xcassets; sourceTree = "<group>"; };
		4DB5908C21EF4F0600A638C6 /* Base */ = {isa = PBXFileReference; lastKnownFileType = file.storyboard; name = Base; path = Base.lproj/LaunchScreen.storyboard; sourceTree = "<group>"; };
		4DB5908E21EF4F0600A638C6 /* Info.plist */ = {isa = PBXFileReference; lastKnownFileType = text.plist.xml; path = Info.plist; sourceTree = "<group>"; };
		4DB5909521EF504C00A638C6 /* NetworkServices.swift */ = {isa = PBXFileReference; lastKnownFileType = sourcecode.swift; path = NetworkServices.swift; sourceTree = "<group>"; };
		4DB5909721EF50DA00A638C6 /* MoyaVC.swift */ = {isa = PBXFileReference; lastKnownFileType = sourcecode.swift; path = MoyaVC.swift; sourceTree = "<group>"; };
		A985A877AB2CF74B8B0BC4D3 /* Pods-Swiftme.debug.xcconfig */ = {isa = PBXFileReference; includeInIndex = 1; lastKnownFileType = text.xcconfig; name = "Pods-Swiftme.debug.xcconfig"; path = "Pods/Target Support Files/Pods-Swiftme/Pods-Swiftme.debug.xcconfig"; sourceTree = "<group>"; };
		FC0A25B6965408EF4A5DC869 /* Pods_Swiftme.framework */ = {isa = PBXFileReference; explicitFileType = wrapper.framework; includeInIndex = 0; path = Pods_Swiftme.framework; sourceTree = BUILT_PRODUCTS_DIR; };
/* End PBXFileReference section */

/* Begin PBXFrameworksBuildPhase section */
		4DB5907921EF4F0400A638C6 /* Frameworks */ = {
			isa = PBXFrameworksBuildPhase;
			buildActionMask = 2147483647;
			files = (
				921A4ED078B7A28196920587 /* Pods_Swiftme.framework in Frameworks */,
			);
			runOnlyForDeploymentPostprocessing = 0;
		};
/* End PBXFrameworksBuildPhase section */

/* Begin PBXGroup section */
		4DB5907321EF4F0400A638C6 = {
			isa = PBXGroup;
			children = (
				4DB5907E21EF4F0400A638C6 /* Swiftme */,
				4DB5907D21EF4F0400A638C6 /* Products */,
				98C3D8B4B010D0AA0CA52FAB /* Pods */,
				5E88DB2610AD98673C90631B /* Frameworks */,
			);
			sourceTree = "<group>";
		};
		4DB5907D21EF4F0400A638C6 /* Products */ = {
			isa = PBXGroup;
			children = (
				4DB5907C21EF4F0400A638C6 /* Swiftme.app */,
			);
			name = Products;
			sourceTree = "<group>";
		};
		4DB5907E21EF4F0400A638C6 /* Swiftme */ = {
			isa = PBXGroup;
			children = (
				4DB5909421EF503400A638C6 /* Moya */,
				4DB5907F21EF4F0400A638C6 /* AppDelegate.swift */,
				4DB5908121EF4F0400A638C6 /* ViewController.swift */,
				4DB5908321EF4F0400A638C6 /* Main.storyboard */,
				4DB5908921EF4F0600A638C6 /* Assets.xcassets */,
				4DB5908B21EF4F0600A638C6 /* LaunchScreen.storyboard */,
				4DB5908E21EF4F0600A638C6 /* Info.plist */,
				4DB5908621EF4F0400A638C6 /* Swiftme.xcdatamodeld */,
			);
			path = Swiftme;
			sourceTree = "<group>";
		};
		4DB5909421EF503400A638C6 /* Moya */ = {
			isa = PBXGroup;
			children = (
				4DB5909521EF504C00A638C6 /* NetworkServices.swift */,
				4DB5909721EF50DA00A638C6 /* MoyaVC.swift */,
			);
			path = Moya;
			sourceTree = "<group>";
		};
		5E88DB2610AD98673C90631B /* Frameworks */ = {
			isa = PBXGroup;
			children = (
				FC0A25B6965408EF4A5DC869 /* Pods_Swiftme.framework */,
			);
			name = Frameworks;
			sourceTree = "<group>";
		};
		98C3D8B4B010D0AA0CA52FAB /* Pods */ = {
			isa = PBXGroup;
			children = (
				A985A877AB2CF74B8B0BC4D3 /* Pods-Swiftme.debug.xcconfig */,
				0473324D61D9A5FFA661B6C5 /* Pods-Swiftme.release.xcconfig */,
			);
			name = Pods;
			sourceTree = "<group>";
		};
/* End PBXGroup section */

/* Begin PBXNativeTarget section */
		4DB5907B21EF4F0400A638C6 /* Swiftme */ = {
			isa = PBXNativeTarget;
			buildConfigurationList = 4DB5909121EF4F0600A638C6 /* Build configuration list for PBXNativeTarget "Swiftme" */;
			buildPhases = (
				A2174C61212C9EC1A9104786 /* [CP] Check Pods Manifest.lock */,
				4DB5907821EF4F0400A638C6 /* Sources */,
				4DB5907921EF4F0400A638C6 /* Frameworks */,
				4DB5907A21EF4F0400A638C6 /* Resources */,
				ED1CFFBD57F7FDAD2C93193D /* [CP] Embed Pods Frameworks */,
			);
			buildRules = (
			);
			dependencies = (
			);
			name = Swiftme;
			productName = Swiftme;
			productReference = 4DB5907C21EF4F0400A638C6 /* Swiftme.app */;
			productType = "com.apple.product-type.application";
		};
/* End PBXNativeTarget section */

/* Begin PBXProject section */
		4DB5907421EF4F0400A638C6 /* Project object */ = {
			isa = PBXProject;
			attributes = {
				LastSwiftUpdateCheck = 1010;
				LastUpgradeCheck = 1010;
				ORGANIZATIONNAME = laohanme;
				TargetAttributes = {
					4DB5907B21EF4F0400A638C6 = {
						CreatedOnToolsVersion = 10.1;
					};
				};
			};
			buildConfigurationList = 4DB5907721EF4F0400A638C6 /* Build configuration list for PBXProject "Swiftme" */;
			compatibilityVersion = "Xcode 9.3";
			developmentRegion = en;
			hasScannedForEncodings = 0;
			knownRegions = (
				en,
				Base,
			);
			mainGroup = 4DB5907321EF4F0400A638C6;
			productRefGroup = 4DB5907D21EF4F0400A638C6 /* Products */;
			projectDirPath = "";
			projectRoot = "";
			targets = (
				4DB5907B21EF4F0400A638C6 /* Swiftme */,
			);
		};
/* End PBXProject section */

/* Begin PBXResourcesBuildPhase section */
		4DB5907A21EF4F0400A638C6 /* Resources */ = {
			isa = PBXResourcesBuildPhase;
			buildActionMask = 2147483647;
			files = (
				4DB5908D21EF4F0600A638C6 /* LaunchScreen.storyboard in Resources */,
				4DB5908A21EF4F0600A638C6 /* Assets.xcassets in Resources */,
				4DB5908521EF4F0400A638C6 /* Main.storyboard in Resources */,
			);
			runOnlyForDeploymentPostprocessing = 0;
		};
/* End PBXResourcesBuildPhase section */

/* Begin PBXShellScriptBuildPhase section */
		A2174C61212C9EC1A9104786 /* [CP] Check Pods Manifest.lock */ = {
			isa = PBXShellScriptBuildPhase;
			buildActionMask = 2147483647;
			files = (
			);
			inputFileListPaths = (
			);
			inputPaths = (
				"${PODS_PODFILE_DIR_PATH}/Podfile.lock",
				"${PODS_ROOT}/Manifest.lock",
			);
			name = "[CP] Check Pods Manifest.lock";
			outputFileListPaths = (
			);
			outputPaths = (
				"$(DERIVED_FILE_DIR)/Pods-Swiftme-checkManifestLockResult.txt",
			);
			runOnlyForDeploymentPostprocessing = 0;
			shellPath = /bin/sh;
			shellScript = "diff \"${PODS_PODFILE_DIR_PATH}/Podfile.lock\" \"${PODS_ROOT}/Manifest.lock\" > /dev/null\nif [ $? != 0 ] ; then\n    # print error to STDERR\n    echo \"error: The sandbox is not in sync with the Podfile.lock. Run 'pod install' or update your CocoaPods installation.\" >&2\n    exit 1\nfi\n# This output is used by Xcode 'outputs' to avoid re-running this script phase.\necho \"SUCCESS\" > \"${SCRIPT_OUTPUT_FILE_0}\"\n";
			showEnvVarsInLog = 0;
		};
		ED1CFFBD57F7FDAD2C93193D /* [CP] Embed Pods Frameworks */ = {
			isa = PBXShellScriptBuildPhase;
			buildActionMask = 2147483647;
			files = (
			);
			inputFileListPaths = (
			);
			inputPaths = (
				"${SRCROOT}/Pods/Target Support Files/Pods-Swiftme/Pods-Swiftme-frameworks.sh",
				"${BUILT_PRODUCTS_DIR}/Alamofire/Alamofire.framework",
				"${BUILT_PRODUCTS_DIR}/Bagel/Bagel.framework",
				"${BUILT_PRODUCTS_DIR}/CocoaAsyncSocket/CocoaAsyncSocket.framework",
				"${BUILT_PRODUCTS_DIR}/Moya/Moya.framework",
				"${BUILT_PRODUCTS_DIR}/ReachabilitySwift/Reachability.framework",
				"${BUILT_PRODUCTS_DIR}/Result/Result.framework",
				"${BUILT_PRODUCTS_DIR}/SwiftyJSON/SwiftyJSON.framework",
			);
			name = "[CP] Embed Pods Frameworks";
			outputFileListPaths = (
			);
			outputPaths = (
				"${TARGET_BUILD_DIR}/${FRAMEWORKS_FOLDER_PATH}/Alamofire.framework",
				"${TARGET_BUILD_DIR}/${FRAMEWORKS_FOLDER_PATH}/Bagel.framework",
				"${TARGET_BUILD_DIR}/${FRAMEWORKS_FOLDER_PATH}/CocoaAsyncSocket.framework",
				"${TARGET_BUILD_DIR}/${FRAMEWORKS_FOLDER_PATH}/Moya.framework",
				"${TARGET_BUILD_DIR}/${FRAMEWORKS_FOLDER_PATH}/Reachability.framework",
				"${TARGET_BUILD_DIR}/${FRAMEWORKS_FOLDER_PATH}/Result.framework",
				"${TARGET_BUILD_DIR}/${FRAMEWORKS_FOLDER_PATH}/SwiftyJSON.framework",
			);
			runOnlyForDeploymentPostprocessing = 0;
			shellPath = /bin/sh;
			shellScript = "\"${SRCROOT}/Pods/Target Support Files/Pods-Swiftme/Pods-Swiftme-frameworks.sh\"\n";
			showEnvVarsInLog = 0;
		};
/* End PBXShellScriptBuildPhase section */

/* Begin PBXSourcesBuildPhase section */
		4DB5907821EF4F0400A638C6 /* Sources */ = {
			isa = PBXSourcesBuildPhase;
			buildActionMask = 2147483647;
			files = (
				4DB5908221EF4F0400A638C6 /* ViewController.swift in Sources */,
				4DB5908021EF4F0400A638C6 /* AppDelegate.swift in Sources */,
				4DB5909821EF50DA00A638C6 /* MoyaVC.swift in Sources */,
				4DB5909621EF504C00A638C6 /* NetworkServices.swift in Sources */,
				4DB5908821EF4F0400A638C6 /* Swiftme.xcdatamodeld in Sources */,
			);
			runOnlyForDeploymentPostprocessing = 0;
		};
/* End PBXSourcesBuildPhase section */

/* Begin PBXVariantGroup section */
		4DB5908321EF4F0400A638C6 /* Main.storyboard */ = {
			isa = PBXVariantGroup;
			children = (
				4DB5908421EF4F0400A638C6 /* Base */,
			);
			name = Main.storyboard;
			sourceTree = "<group>";
		};
		4DB5908B21EF4F0600A638C6 /* LaunchScreen.storyboard */ = {
			isa = PBXVariantGroup;
			children = (
				4DB5908C21EF4F0600A638C6 /* Base */,
			);
			name = LaunchScreen.storyboard;
			sourceTree = "<group>";
		};
/* End PBXVariantGroup section */

/* Begin XCBuildConfiguration section */
		4DB5908F21EF4F0600A638C6 /* Debug */ = {
			isa = XCBuildConfiguration;
			buildSettings = {
				ALWAYS_SEARCH_USER_PATHS = NO;
				CLANG_ANALYZER_NONNULL = YES;
				CLANG_ANALYZER_NUMBER_OBJECT_CONVERSION = YES_AGGRESSIVE;
				CLANG_CXX_LANGUAGE_STANDARD = "gnu++14";
				CLANG_CXX_LIBRARY = "libc++";
				CLANG_ENABLE_MODULES = YES;
				CLANG_ENABLE_OBJC_ARC = YES;
				CLANG_ENABLE_OBJC_WEAK = YES;
				CLANG_WARN_BLOCK_CAPTURE_AUTORELEASING = YES;
				CLANG_WARN_BOOL_CONVERSION = YES;
				CLANG_WARN_COMMA = YES;
				CLANG_WARN_CONSTANT_CONVERSION = YES;
				CLANG_WARN_DEPRECATED_OBJC_IMPLEMENTATIONS = YES;
				CLANG_WARN_DIRECT_OBJC_ISA_USAGE = YES_ERROR;
				CLANG_WARN_DOCUMENTATION_COMMENTS = YES;
				CLANG_WARN_EMPTY_BODY = YES;
				CLANG_WARN_ENUM_CONVERSION = YES;
				CLANG_WARN_INFINITE_RECURSION = YES;
				CLANG_WARN_INT_CONVERSION = YES;
				CLANG_WARN_NON_LITERAL_NULL_CONVERSION = YES;
				CLANG_WARN_OBJC_IMPLICIT_RETAIN_SELF = YES;
				CLANG_WARN_OBJC_LITERAL_CONVERSION = YES;
				CLANG_WARN_OBJC_ROOT_CLASS = YES_ERROR;
				CLANG_WARN_RANGE_LOOP_ANALYSIS = YES;
				CLANG_WARN_STRICT_PROTOTYPES = YES;
				CLANG_WARN_SUSPICIOUS_MOVE = YES;
				CLANG_WARN_UNGUARDED_AVAILABILITY = YES_AGGRESSIVE;
				CLANG_WARN_UNREACHABLE_CODE = YES;
				CLANG_WARN__DUPLICATE_METHOD_MATCH = YES;
				CODE_SIGN_IDENTITY = "iPhone Developer";
				COPY_PHASE_STRIP = NO;
				DEBUG_INFORMATION_FORMAT = dwarf;
				ENABLE_STRICT_OBJC_MSGSEND = YES;
				ENABLE_TESTABILITY = YES;
				GCC_C_LANGUAGE_STANDARD = gnu11;
				GCC_DYNAMIC_NO_PIC = NO;
				GCC_NO_COMMON_BLOCKS = YES;
				GCC_OPTIMIZATION_LEVEL = 0;
				GCC_PREPROCESSOR_DEFINITIONS = (
					"DEBUG=1",
					"$(inherited)",
				);
				GCC_WARN_64_TO_32_BIT_CONVERSION = YES;
				GCC_WARN_ABOUT_RETURN_TYPE = YES_ERROR;
				GCC_WARN_UNDECLARED_SELECTOR = YES;
				GCC_WARN_UNINITIALIZED_AUTOS = YES_AGGRESSIVE;
				GCC_WARN_UNUSED_FUNCTION = YES;
				GCC_WARN_UNUSED_VARIABLE = YES;
				IPHONEOS_DEPLOYMENT_TARGET = 10.0;
				MTL_ENABLE_DEBUG_INFO = INCLUDE_SOURCE;
				MTL_FAST_MATH = YES;
				ONLY_ACTIVE_ARCH = YES;
				SDKROOT = iphoneos;
				SWIFT_ACTIVE_COMPILATION_CONDITIONS = DEBUG;
				SWIFT_OPTIMIZATION_LEVEL = "-Onone";
			};
			name = Debug;
		};
		4DB5909021EF4F0600A638C6 /* Release */ = {
			isa = XCBuildConfiguration;
			buildSettings = {
				ALWAYS_SEARCH_USER_PATHS = NO;
				CLANG_ANALYZER_NONNULL = YES;
				CLANG_ANALYZER_NUMBER_OBJECT_CONVERSION = YES_AGGRESSIVE;
				CLANG_CXX_LANGUAGE_STANDARD = "gnu++14";
				CLANG_CXX_LIBRARY = "libc++";
				CLANG_ENABLE_MODULES = YES;
				CLANG_ENABLE_OBJC_ARC = YES;
				CLANG_ENABLE_OBJC_WEAK = YES;
				CLANG_WARN_BLOCK_CAPTURE_AUTORELEASING = YES;
				CLANG_WARN_BOOL_CONVERSION = YES;
				CLANG_WARN_COMMA = YES;
				CLANG_WARN_CONSTANT_CONVERSION = YES;
				CLANG_WARN_DEPRECATED_OBJC_IMPLEMENTATIONS = YES;
				CLANG_WARN_DIRECT_OBJC_ISA_USAGE = YES_ERROR;
				CLANG_WARN_DOCUMENTATION_COMMENTS = YES;
				CLANG_WARN_EMPTY_BODY = YES;
				CLANG_WARN_ENUM_CONVERSION = YES;
				CLANG_WARN_INFINITE_RECURSION = YES;
				CLANG_WARN_INT_CONVERSION = YES;
				CLANG_WARN_NON_LITERAL_NULL_CONVERSION = YES;
				CLANG_WARN_OBJC_IMPLICIT_RETAIN_SELF = YES;
				CLANG_WARN_OBJC_LITERAL_CONVERSION = YES;
				CLANG_WARN_OBJC_ROOT_CLASS = YES_ERROR;
				CLANG_WARN_RANGE_LOOP_ANALYSIS = YES;
				CLANG_WARN_STRICT_PROTOTYPES = YES;
				CLANG_WARN_SUSPICIOUS_MOVE = YES;
				CLANG_WARN_UNGUARDED_AVAILABILITY = YES_AGGRESSIVE;
				CLANG_WARN_UNREACHABLE_CODE = YES;
				CLANG_WARN__DUPLICATE_METHOD_MATCH = YES;
				CODE_SIGN_IDENTITY = "iPhone Developer";
				COPY_PHASE_STRIP = NO;
				DEBUG_INFORMATION_FORMAT = "dwarf-with-dsym";
				ENABLE_NS_ASSERTIONS = NO;
				ENABLE_STRICT_OBJC_MSGSEND = YES;
				GCC_C_LANGUAGE_STANDARD = gnu11;
				GCC_NO_COMMON_BLOCKS = YES;
				GCC_WARN_64_TO_32_BIT_CONVERSION = YES;
				GCC_WARN_ABOUT_RETURN_TYPE = YES_ERROR;
				GCC_WARN_UNDECLARED_SELECTOR = YES;
				GCC_WARN_UNINITIALIZED_AUTOS = YES_AGGRESSIVE;
				GCC_WARN_UNUSED_FUNCTION = YES;
				GCC_WARN_UNUSED_VARIABLE = YES;
				IPHONEOS_DEPLOYMENT_TARGET = 10.0;
				MTL_ENABLE_DEBUG_INFO = NO;
				MTL_FAST_MATH = YES;
				SDKROOT = iphoneos;
				SWIFT_COMPILATION_MODE = wholemodule;
				SWIFT_OPTIMIZATION_LEVEL = "-O";
				VALIDATE_PRODUCT = YES;
			};
			name = Release;
		};
		4DB5909221EF4F0600A638C6 /* Debug */ = {
			isa = XCBuildConfiguration;
			baseConfigurationReference = A985A877AB2CF74B8B0BC4D3 /* Pods-Swiftme.debug.xcconfig */;
			buildSettings = {
				ASSETCATALOG_COMPILER_APPICON_NAME = AppIcon;
				CODE_SIGN_STYLE = Automatic;
				DEVELOPMENT_TEAM = JUZ27696NU;
				INFOPLIST_FILE = Swiftme/Info.plist;
				IPHONEOS_DEPLOYMENT_TARGET = 10.0;
				LD_RUNPATH_SEARCH_PATHS = (
					"$(inherited)",
					"@executable_path/Frameworks",
				);
				PRODUCT_BUNDLE_IDENTIFIER = com.laohanme.Swiftme;
				PRODUCT_NAME = "$(TARGET_NAME)";
				SWIFT_VERSION = 4.2;
				TARGETED_DEVICE_FAMILY = "1,2";
			};
			name = Debug;
		};
		4DB5909321EF4F0600A638C6 /* Release */ = {
			isa = XCBuildConfiguration;
			baseConfigurationReference = 0473324D61D9A5FFA661B6C5 /* Pods-Swiftme.release.xcconfig */;
			buildSettings = {
				ASSETCATALOG_COMPILER_APPICON_NAME = AppIcon;
				CODE_SIGN_STYLE = Automatic;
				DEVELOPMENT_TEAM = JUZ27696NU;
				INFOPLIST_FILE = Swiftme/Info.plist;
				IPHONEOS_DEPLOYMENT_TARGET = 10.0;
				LD_RUNPATH_SEARCH_PATHS = (
					"$(inherited)",
					"@executable_path/Frameworks",
				);
				PRODUCT_BUNDLE_IDENTIFIER = com.laohanme.Swiftme;
				PRODUCT_NAME = "$(TARGET_NAME)";
				SWIFT_VERSION = 4.2;
				TARGETED_DEVICE_FAMILY = "1,2";
			};
			name = Release;
		};
/* End XCBuildConfiguration section */

/* Begin XCConfigurationList section */
		4DB5907721EF4F0400A638C6 /* Build configuration list for PBXProject "Swiftme" */ = {
			isa = XCConfigurationList;
			buildConfigurations = (
				4DB5908F21EF4F0600A638C6 /* Debug */,
				4DB5909021EF4F0600A638C6 /* Release */,
			);
			defaultConfigurationIsVisible = 0;
			defaultConfigurationName = Release;
		};
		4DB5909121EF4F0600A638C6 /* Build configuration list for PBXNativeTarget "Swiftme" */ = {
			isa = XCConfigurationList;
			buildConfigurations = (
				4DB5909221EF4F0600A638C6 /* Debug */,
				4DB5909321EF4F0600A638C6 /* Release */,
			);
			defaultConfigurationIsVisible = 0;
			defaultConfigurationName = Release;
		};
/* End XCConfigurationList section */

/* Begin XCVersionGroup section */
		4DB5908621EF4F0400A638C6 /* Swiftme.xcdatamodeld */ = {
			isa = XCVersionGroup;
			children = (
				4DB5908721EF4F0400A638C6 /* Swiftme.xcdatamodel */,
			);
			currentVersion = 4DB5908721EF4F0400A638C6 /* Swiftme.xcdatamodel */;
			path = Swiftme.xcdatamodeld;
			sourceTree = "<group>";
			versionGroupType = wrapper.xcdatamodel;
		};
/* End XCVersionGroup section */
	};
	rootObject = 4DB5907421EF4F0400A638C6 /* Project object */;
}
